
Microsoft Visual Studio Solution File, Format Version 12.00
# Visual Studio Version 17
VisualStudioVersion = 17.9.34728.123
MinimumVisualStudioVersion = 10.0.40219.1
Project("{FAE04EC0-301F-11D3-BF4B-00C04F79EFBC}") = "dquimbitaT6", "dquimbitaT6.csproj", "{812774A5-6A66-4A81-BF0B-5C950302E5B0}"
EndProject
Global
	GlobalSection(SolutionConfigurationPlatforms) = preSolution
		Debug|Any CPU = Debug|Any CPU
		Release|Any CPU = Release|Any CPU
	EndGlobalSection
	GlobalSection(ProjectConfigurationPlatforms) = postSolution
		{812774A5-6A66-4A81-BF0B-5C950302E5B0}.Debug|Any CPU.ActiveCfg = Debug|Any CPU
		{812774A5-6A66-4A81-BF0B-5C950302E5B0}.Debug|Any CPU.Build.0 = Debug|Any CPU
		{812774A5-6A66-4A81-BF0B-5C950302E5B0}.Debug|Any CPU.Deploy.0 = Debug|Any CPU
		{812774A5-6A66-4A81-BF0B-5C950302E5B0}.Release|Any CPU.ActiveCfg = Release|Any CPU
		{812774A5-6A66-4A81-BF0B-5C950302E5B0}.Release|Any CPU.Build.0 = Release|Any CPU
		{812774A5-6A66-4A81-BF0B-5C950302E5B0}.Release|Any CPU.Deploy.0 = Release|Any CPU
	EndGlobalSection
	GlobalSection(SolutionProperties) = preSolution
		HideSolutionNode = FALSE
	EndGlobalSection
	GlobalSection(ExtensibilityGlobals) = postSolution
		SolutionGuid = {FF08B8C5-5987-4ADF-9F17-CA46F93CBA9B}
	EndGlobalSection
EndGlobal
